{
  "version": 4,
  "terraform_version": "1.10.5",
  "serial": 6,
  "lineage": "f3972c4b-a759-75d2-bf3c-0061fc39477f",
  "outputs": {
    "bucket": {
      "value": "terraform-20250825152645035000000001",
      "type": "string"
    }
  },
  "resources": [
    {
      "mode": "data",
      "type": "aws_iam_policy_document",
      "name": "trust",
      "provider": "provider[\"registry.terraform.io/hashicorp/aws\"]",
      "instances": [
        {
          "schema_version": 0,
          "attributes": {
            "id": "1437525727",
            "json": "{\n  \"Version\": \"2012-10-17\",\n  \"Statement\": [\n    {\n      \"Effect\": \"Allow\",\n      \"Action\": \"sts:AssumeRoleWithWebIdentity\",\n      \"Principal\": {\n        \"Federated\": \"\"\n      },\n      \"Condition\": {\n        \"StringEquals\": {\n          \":sub\": \"system:serviceaccount:velero:velero\"\n        }\n      }\n    }\n  ]\n}",
            "minified_json": "{\"Version\":\"2012-10-17\",\"Statement\":[{\"Effect\":\"Allow\",\"Action\":\"sts:AssumeRoleWithWebIdentity\",\"Principal\":{\"Federated\":\"\"},\"Condition\":{\"StringEquals\":{\":sub\":\"system:serviceaccount:velero:velero\"}}}]}",
            "override_json": null,
            "override_policy_documents": null,
            "policy_id": null,
            "source_json": null,
            "source_policy_documents": null,
            "statement": [
              {
                "actions": [
                  "sts:AssumeRoleWithWebIdentity"
                ],
                "condition": [
                  {
                    "test": "StringEquals",
                    "values": [
                      "system:serviceaccount:velero:velero"
                    ],
                    "variable": ":sub"
                  }
                ],
                "effect": "Allow",
                "not_actions": [],
                "not_principals": [],
                "not_resources": [],
                "principals": [
                  {
                    "identifiers": [
                      ""
                    ],
                    "type": "Federated"
                  }
                ],
                "resources": [],
                "sid": ""
              }
            ],
            "version": "2012-10-17"
          },
          "sensitive_attributes": []
        }
      ]
    },
    {
      "mode": "data",
      "type": "aws_iam_policy_document",
      "name": "velero_s3",
      "provider": "provider[\"registry.terraform.io/hashicorp/aws\"]",
      "instances": [
        {
          "schema_version": 0,
          "attributes": {
            "id": "3599127756",
            "json": "{\n  \"Version\": \"2012-10-17\",\n  \"Statement\": [\n    {\n      \"Effect\": \"Allow\",\n      \"Action\": [\n        \"s3:PutObjectTagging\",\n        \"s3:PutObject\",\n        \"s3:ListMultipartUploadParts\",\n        \"s3:ListBucket\",\n        \"s3:GetObject\",\n        \"s3:DeleteObject\",\n        \"s3:AbortMultipartUpload\"\n      ],\n      \"Resource\": [\n        \"arn:aws:s3:::/*\",\n        \"arn:aws:s3:::\"\n      ]\n    }\n  ]\n}",
            "minified_json": "{\"Version\":\"2012-10-17\",\"Statement\":[{\"Effect\":\"Allow\",\"Action\":[\"s3:PutObjectTagging\",\"s3:PutObject\",\"s3:ListMultipartUploadParts\",\"s3:ListBucket\",\"s3:GetObject\",\"s3:DeleteObject\",\"s3:AbortMultipartUpload\"],\"Resource\":[\"arn:aws:s3:::/*\",\"arn:aws:s3:::\"]}]}",
            "override_json": null,
            "override_policy_documents": null,
            "policy_id": null,
            "source_json": null,
            "source_policy_documents": null,
            "statement": [
              {
                "actions": [
                  "s3:AbortMultipartUpload",
                  "s3:DeleteObject",
                  "s3:GetObject",
                  "s3:ListBucket",
                  "s3:ListMultipartUploadParts",
                  "s3:PutObject",
                  "s3:PutObjectTagging"
                ],
                "condition": [],
                "effect": "Allow",
                "not_actions": [],
                "not_principals": [],
                "not_resources": [],
                "principals": [],
                "resources": [
                  "arn:aws:s3:::",
                  "arn:aws:s3:::/*"
                ],
                "sid": ""
              }
            ],
            "version": "2012-10-17"
          },
          "sensitive_attributes": []
        }
      ]
    },
    {
      "mode": "managed",
      "type": "aws_iam_policy",
      "name": "velero_s3",
      "provider": "provider[\"registry.terraform.io/hashicorp/aws\"]",
      "instances": [
        {
          "schema_version": 0,
          "attributes": {
            "arn": "arn:aws:iam::908364081480:policy/VeleroS3-",
            "attachment_count": 0,
            "description": "",
            "id": "arn:aws:iam::908364081480:policy/VeleroS3-",
            "name": "VeleroS3-",
            "name_prefix": "",
            "path": "/",
            "policy": "{\"Statement\":[{\"Action\":[\"s3:PutObjectTagging\",\"s3:PutObject\",\"s3:ListMultipartUploadParts\",\"s3:ListBucket\",\"s3:GetObject\",\"s3:DeleteObject\",\"s3:AbortMultipartUpload\"],\"Effect\":\"Allow\",\"Resource\":[\"arn:aws:s3:::/*\",\"arn:aws:s3:::\"]}],\"Version\":\"2012-10-17\"}",
            "policy_id": "ANPA5G7VX5FEPS3VW6YZS",
            "tags": null,
            "tags_all": {}
          },
          "sensitive_attributes": [],
          "private": "bnVsbA==",
          "dependencies": [
            "data.aws_iam_policy_document.velero_s3"
          ]
        }
      ]
    },
    {
      "mode": "managed",
      "type": "aws_s3_bucket",
      "name": "velero",
      "provider": "provider[\"registry.terraform.io/hashicorp/aws\"]",
      "instances": [
        {
          "schema_version": 0,
          "attributes": {
            "acceleration_status": "",
            "acl": null,
            "arn": "arn:aws:s3:::terraform-20250825152645035000000001",
            "bucket": "terraform-20250825152645035000000001",
            "bucket_domain_name": "terraform-20250825152645035000000001.s3.amazonaws.com",
            "bucket_prefix": "terraform-",
            "bucket_regional_domain_name": "terraform-20250825152645035000000001.s3.us-east-1.amazonaws.com",
            "cors_rule": [],
            "force_destroy": false,
            "grant": [
              {
                "id": "daf71a52f034161a00bb504e89d9f95f5973116b21be5f5742ceefde156dc887",
                "permissions": [
                  "FULL_CONTROL"
                ],
                "type": "CanonicalUser",
                "uri": ""
              }
            ],
            "hosted_zone_id": "Z3AQBSTGFYJSTF",
            "id": "terraform-20250825152645035000000001",
            "lifecycle_rule": [],
            "logging": [],
            "object_lock_configuration": [],
            "object_lock_enabled": false,
            "policy": "",
            "region": "us-east-1",
            "replication_configuration": [],
            "request_payer": "BucketOwner",
            "server_side_encryption_configuration": [
              {
                "rule": [
                  {
                    "apply_server_side_encryption_by_default": [
                      {
                        "kms_master_key_id": "",
                        "sse_algorithm": "AES256"
                      }
                    ],
                    "bucket_key_enabled": false
                  }
                ]
              }
            ],
            "tags": null,
            "tags_all": {},
            "timeouts": null,
            "versioning": [
              {
                "enabled": false,
                "mfa_delete": false
              }
            ],
            "website": [],
            "website_domain": null,
            "website_endpoint": null
          },
          "sensitive_attributes": [],
          "private": "eyJlMmJmYjczMC1lY2FhLTExZTYtOGY4OC0zNDM2M2JjN2M0YzAiOnsiY3JlYXRlIjoxMjAwMDAwMDAwMDAwLCJkZWxldGUiOjM2MDAwMDAwMDAwMDAsInJlYWQiOjEyMDAwMDAwMDAwMDAsInVwZGF0ZSI6MTIwMDAwMDAwMDAwMH19"
        }
      ]
    },
    {
      "mode": "managed",
      "type": "aws_s3_bucket_server_side_encryption_configuration",
      "name": "sse",
      "provider": "provider[\"registry.terraform.io/hashicorp/aws\"]",
      "instances": [
        {
          "schema_version": 0,
          "attributes": {
            "bucket": "terraform-20250825152645035000000001",
            "expected_bucket_owner": "",
            "id": "terraform-20250825152645035000000001",
            "rule": [
              {
                "apply_server_side_encryption_by_default": [
                  {
                    "kms_master_key_id": "",
                    "sse_algorithm": "AES256"
                  }
                ],
                "bucket_key_enabled": null
              }
            ]
          },
          "sensitive_attributes": [],
          "private": "bnVsbA==",
          "dependencies": [
            "aws_s3_bucket.velero"
          ]
        }
      ]
    },
    {
      "mode": "managed",
      "type": "aws_s3_bucket_versioning",
      "name": "v",
      "provider": "provider[\"registry.terraform.io/hashicorp/aws\"]",
      "instances": [
        {
          "schema_version": 0,
          "attributes": {
            "bucket": "terraform-20250825152645035000000001",
            "expected_bucket_owner": "",
            "id": "terraform-20250825152645035000000001",
            "mfa": null,
            "versioning_configuration": [
              {
                "mfa_delete": "",
                "status": "Enabled"
              }
            ]
          },
          "sensitive_attributes": [],
          "private": "bnVsbA==",
          "dependencies": [
            "aws_s3_bucket.velero"
          ]
        }
      ]
    }
  ],
  "check_results": null
}
